
Microsoft Visual Studio Solution File, Format Version 12.00
# Visual Studio Version 16
VisualStudioVersion = 16.0.810.22
MinimumVisualStudioVersion = 10.0.40219.1
Project("{FAE04EC0-301F-11D3-BF4B-00C04F79EFBC}") = "MyBank", "MyBank\MyBank.csproj", "{C5EC5D51-8154-4FB2-950E-7697204713FD}"
EndProject
Project("{FAE04EC0-301F-11D3-BF4B-00C04F79EFBC}") = "MyBank.Data", "MyBank.Data\MyBank.Data.csproj", "{42A37700-9BE4-42C9-B165-3AE99500B967}"
EndProject
Project("{FAE04EC0-301F-11D3-BF4B-00C04F79EFBC}") = "MyBank.Domain", "MyBank.Domain\MyBank.Domain.csproj", "{5574A6B1-E4C2-4369-A133-D4F52FCABB1E}"
EndProject
Global
	GlobalSection(SolutionConfigurationPlatforms) = preSolution
		Debug|Any CPU = Debug|Any CPU
		Release|Any CPU = Release|Any CPU
	EndGlobalSection
	GlobalSection(ProjectConfigurationPlatforms) = postSolution
		{C5EC5D51-8154-4FB2-950E-7697204713FD}.Debug|Any CPU.ActiveCfg = Debug|Any CPU
		{C5EC5D51-8154-4FB2-950E-7697204713FD}.Debug|Any CPU.Build.0 = Debug|Any CPU
		{C5EC5D51-8154-4FB2-950E-7697204713FD}.Release|Any CPU.ActiveCfg = Release|Any CPU
		{C5EC5D51-8154-4FB2-950E-7697204713FD}.Release|Any CPU.Build.0 = Release|Any CPU
		{42A37700-9BE4-42C9-B165-3AE99500B967}.Debug|Any CPU.ActiveCfg = Debug|Any CPU
		{42A37700-9BE4-42C9-B165-3AE99500B967}.Debug|Any CPU.Build.0 = Debug|Any CPU
		{42A37700-9BE4-42C9-B165-3AE99500B967}.Release|Any CPU.ActiveCfg = Release|Any CPU
		{42A37700-9BE4-42C9-B165-3AE99500B967}.Release|Any CPU.Build.0 = Release|Any CPU
		{5574A6B1-E4C2-4369-A133-D4F52FCABB1E}.Debug|Any CPU.ActiveCfg = Debug|Any CPU
		{5574A6B1-E4C2-4369-A133-D4F52FCABB1E}.Debug|Any CPU.Build.0 = Debug|Any CPU
		{5574A6B1-E4C2-4369-A133-D4F52FCABB1E}.Release|Any CPU.ActiveCfg = Release|Any CPU
		{5574A6B1-E4C2-4369-A133-D4F52FCABB1E}.Release|Any CPU.Build.0 = Release|Any CPU
	EndGlobalSection
	GlobalSection(SolutionProperties) = preSolution
		HideSolutionNode = FALSE
	EndGlobalSection
	GlobalSection(ExtensibilityGlobals) = postSolution
		SolutionGuid = {48A3650F-9B30-402D-AC98-56322A50B4C3}
	EndGlobalSection
EndGlobal
